// !$*UTF8*$!
{
	archiveVersion = 1;
	classes = {
	};
	objectVersion = 77;
	objects = {

/* Begin PBXBuildFile section */
		0A1B2C3D4E5F6A7B8C9D0E1F /* ParakeetEngine.swift in Sources */ = {isa = PBXBuildFile; fileRef = 1A2B3C4D5E6F7A8B9C0D1E2F /* ParakeetEngine.swift */; };
		0B6EF18E8CDD05CB05398430 /* TextCleanupEngine.swift in Sources */ = {isa = PBXBuildFile; fileRef = 752B1E26D16B132B33242D9D /* TextCleanupEngine.swift */; };
		13F2ACA4B0FA426946CFBECF /* HotkeyManager.swift in Sources */ = {isa = PBXBuildFile; fileRef = 25871F13F85E7402CCEE5173 /* HotkeyManager.swift */; };
		197046FE96DAA0EC73777141 /* TraceInspectorView.swift in Sources */ = {isa = PBXBuildFile; fileRef = 81C64D3989FB1328C7EA68BC /* TraceInspectorView.swift */; };
		20276B62B8418E999BFF83C0 /* TranscriptionEngine.swift in Sources */ = {isa = PBXBuildFile; fileRef = F7433663EC6F3EEC236140B2 /* TranscriptionEngine.swift */; };
		260F46C58459F3CD6A34F8D5 /* OllamaClient.swift in Sources */ = {isa = PBXBuildFile; fileRef = F2516F4448C3044FEE581258 /* OllamaClient.swift */; };
		27A4E65828956F6B846DEAB8 /* TextInjector.swift in Sources */ = {isa = PBXBuildFile; fileRef = D5BD0E36627EEB45E979811A /* TextInjector.swift */; };
		2B3C4D5E6F7A8B9C0D1E2F3A /* FluidAudio in Frameworks */ = {isa = PBXBuildFile; productRef = 4D5E6F7A8B9C0D1E2F3A4B5C /* FluidAudio */; };
		37376D028A4541FB269A8116 /* PushToTalkMode.swift in Sources */ = {isa = PBXBuildFile; fileRef = 209876A84D2CA5D4F2D3A641 /* PushToTalkMode.swift */; };
		50D4E09EF8F8CE73444A3A40 /* Constants.swift in Sources */ = {isa = PBXBuildFile; fileRef = 88BA31645D44625C8F1A704A /* Constants.swift */; };
		55BB81C54B4843103A174F8E /* AudioEngine.swift in Sources */ = {isa = PBXBuildFile; fileRef = FD1823E065D2F7C6D58A4B09 /* AudioEngine.swift */; };
		6DB6B8DD6D033E48896E75D7 /* Assets.xcassets in Resources */ = {isa = PBXBuildFile; fileRef = 887326365594FC66AB8017C9 /* Assets.xcassets */; };
		7501ED708B9FA1E8B32BD79C /* ShortcutManager.swift in Sources */ = {isa = PBXBuildFile; fileRef = 1DFF09DEC0FA8C731AF85AAE /* ShortcutManager.swift */; };
		793D87F35329CAB8DCB2F80F /* PermissionManager.swift in Sources */ = {isa = PBXBuildFile; fileRef = AEC105248C8759342B689409 /* PermissionManager.swift */; };
		7E0313AE3DFD63B8A32DC5FF /* VoxaApp.swift in Sources */ = {isa = PBXBuildFile; fileRef = 9E8F971582777A3E0EADED22 /* VoxaApp.swift */; };
		869F466ED4A327B0BDC6EAD7 /* ModelDownloadView.swift in Sources */ = {isa = PBXBuildFile; fileRef = CB859B3D0A611EC208E91D51 /* ModelDownloadView.swift */; };
		8F9D6490741B9F92866BF08B /* MenuBarView.swift in Sources */ = {isa = PBXBuildFile; fileRef = 7B81DE9FD96DC94636D6C28A /* MenuBarView.swift */; };
		9CD44CA01F236E79D165D525 /* SoundManager.swift in Sources */ = {isa = PBXBuildFile; fileRef = F659874E215B9F71C3C03CE3 /* SoundManager.swift */; };
		'AA01020304050607' = {isa = PBXBuildFile; fileRef = BB01020304050607; };
		'AA02030405060708' = {isa = PBXBuildFile; fileRef = BB02030405060708; };
		'AA03040506070809' = {isa = PBXBuildFile; fileRef = BB03040506070809; };
		'AA04050607080910' = {isa = PBXBuildFile; fileRef = BB04050607080910; };
		'AA05060708091011' = {isa = PBXBuildFile; fileRef = BB05060708091011; };
		'AA06070809101112' = {isa = PBXBuildFile; fileRef = BB06070809101112; };
		'AA07080910111213' = {isa = PBXBuildFile; fileRef = BB07080910111213; };
		'AA08091011121314' = {isa = PBXBuildFile; fileRef = BB08091011121314; };
		'AA09101112131415' = {isa = PBXBuildFile; fileRef = BB09101112131415; };
		'AA10111213141516' = {isa = PBXBuildFile; fileRef = BB10111213141516; };
		'AA11121314151617' = {isa = PBXBuildFile; fileRef = BB11121314151617; };
		'AA12131415161718' = {isa = PBXBuildFile; fileRef = BB12131415161718; };
		'AA13141516171819' = {isa = PBXBuildFile; fileRef = BB13141516171819; };
		'AA14151617181920' = {isa = PBXBuildFile; fileRef = BB14151617181920; };
		'AA15161718192021' = {isa = PBXBuildFile; fileRef = BB15161718192021; };
		'AA16171819202122' = {isa = PBXBuildFile; fileRef = BB16171819202122; };
		'AA17181920212223' = {isa = PBXBuildFile; fileRef = BB17181920212223; };
		'AA18192021222324' = {isa = PBXBuildFile; fileRef = BB18192021222324; };
		'AA18192021222325' = {isa = PBXBuildFile; fileRef = BB18192021222325; };
		'AA18192021222326' = {isa = PBXBuildFile; fileRef = BB18192021222326; };
		'AA18192021222327' = {isa = PBXBuildFile; fileRef = BB18192021222327; };
		'AA18192021222328' = {isa = PBXBuildFile; fileRef = BB18192021222328; };
		'AA19202122232425' = {isa = PBXBuildFile; fileRef = BB19202122232425; };
		'AA20212223242526' = {isa = PBXBuildFile; fileRef = BB20212223242526; };
		'AA21222324252627' = {isa = PBXBuildFile; fileRef = BB21222324252627; };
		'AA22232425262728' = {isa = PBXBuildFile; fileRef = BB22232425262728; };
		'AA23242526272829' = {isa = PBXBuildFile; fileRef = BB23242526272829; };
		'AA24252627282930' = {isa = PBXBuildFile; fileRef = BB24252627282930; };
		B088CFA23B3A8048F0BD13B9 /* DictionaryManager.swift in Sources */ = {isa = PBXBuildFile; fileRef = 0AECC1FC9EDAB7C9BCD68E44 /* DictionaryManager.swift */; };
		C0FBFF9FB00D764D693257CD /* WhisperKit in Frameworks */ = {isa = PBXBuildFile; productRef = 3427E9DA792E8FE869A23A1B /* WhisperKit */; };
		CD52015A37EE22353F01EE45 /* TranscriptionHistory.swift in Sources */ = {isa = PBXBuildFile; fileRef = 19D0DB873F7BEA23E75C2F1E /* TranscriptionHistory.swift */; };
		CF74DDAAE8C176BDAF9D3C3F /* ModelManager.swift in Sources */ = {isa = PBXBuildFile; fileRef = 5908D921F68AB538C5B92896 /* ModelManager.swift */; };
		DAB9103DDD718A42477C2F53 /* OnboardingView.swift in Sources */ = {isa = PBXBuildFile; fileRef = 08EC3F1EB29314EEF956810C /* OnboardingView.swift */; };
		DC8EDDDB34794C9E2483F61D /* FloatingIndicator.swift in Sources */ = {isa = PBXBuildFile; fileRef = 3D5738B6DCBF246FDD10B1A8 /* FloatingIndicator.swift */; };
		'DD01010101010101' = {isa = PBXBuildFile; fileRef = CC01010101010101; };
		'DD02020202020202' = {isa = PBXBuildFile; fileRef = CC02020202020202; };
		'DD03030303030303' = {isa = PBXBuildFile; fileRef = CC03030303030303; };
		'DD04040404040404' = {isa = PBXBuildFile; fileRef = CC04040404040404; };
		'DD05050505050505' = {isa = PBXBuildFile; fileRef = CC05050505050505; };
		'DD05050505050506' = {isa = PBXBuildFile; fileRef = CC05050505050506; };
		'DD06060606060606' = {isa = PBXBuildFile; fileRef = CC06060606060606; };
		'DD07070707070707' = {isa = PBXBuildFile; productRef = CC09090909090909; };
		'DD08080808080808' = {isa = PBXBuildFile; fileRef = CC10101010101010; };
		'DD09090909090909' = {isa = PBXBuildFile; fileRef = CC11111111111111; };
		E00CF06F397576234F8FF3DB /* FlowMode.swift in Sources */ = {isa = PBXBuildFile; fileRef = 98915D73ECF0366662F8567A /* FlowMode.swift */; };
		E14BB620375CC298AFEC00D8 /* SettingsView.swift in Sources */ = {isa = PBXBuildFile; fileRef = 4D27B961265B9D4798FDDC89 /* SettingsView.swift */; };
		E49EE3F88FD38FD038D9CA06 /* Logger.swift in Sources */ = {isa = PBXBuildFile; fileRef = 2DE57DDBF362E947D2BE8C82 /* Logger.swift */; };
		F339102B90E529A39082E59A /* CommandMode.swift in Sources */ = {isa = PBXBuildFile; fileRef = 84544E9583887B72EA52DC39 /* CommandMode.swift */; };
		F4AD4F39888934581BD80420 /* MessageTrace.swift in Sources */ = {isa = PBXBuildFile; fileRef = CE394A06B81B407ADC503688 /* MessageTrace.swift */; };
		F74FFDCADA5DCB7C7FBDDF63 /* DictationMode.swift in Sources */ = {isa = PBXBuildFile; fileRef = A6B812B93F88479C67D3BCB0 /* DictationMode.swift */; };
		'FF01010101010101' = {isa = PBXBuildFile; fileRef = EE01010101010101; };
		'FF02020202020202' = {isa = PBXBuildFile; fileRef = EE02020202020202; };
		'FF03030303030303' = {isa = PBXBuildFile; fileRef = EE03030303030303; };
		'FF04040404040404' = {isa = PBXBuildFile; fileRef = EE04040404040404; };
		'FF05050505050505' = {isa = PBXBuildFile; fileRef = EE05050505050505; };
		'GG01010101010101' = {isa = PBXBuildFile; fileRef = HH01010101010101; };
		'GG02020202020202' = {isa = PBXBuildFile; fileRef = HH02020202020202; };
		'GG03030303030303' = {isa = PBXBuildFile; fileRef = HH03030303030303; };
		'GG04040404040404' = {isa = PBXBuildFile; fileRef = HH04040404040404; };
		'MM01010101010101' = {isa = PBXBuildFile; fileRef = MM02020202020202; };
		'PP01010101010101' = {isa = PBXBuildFile; fileRef = QQ01010101010101; };
		'PP02020202020202' = {isa = PBXBuildFile; fileRef = QQ02020202020202; };
		'PP03030303030303' = {isa = PBXBuildFile; fileRef = QQ03030303030303; };
		'PP04040404040404' = {isa = PBXBuildFile; fileRef = QQ04040404040404; };
		'PP05050505050505' = {isa = PBXBuildFile; fileRef = QQ05050505050505; };
		'VT01010101010101' = {isa = PBXBuildFile; fileRef = VT02020202020202; };
/* End PBXBuildFile section */

/* Begin PBXFileReference section */
		08EC3F1EB29314EEF956810C /* OnboardingView.swift */ = {isa = PBXFileReference; lastKnownFileType = sourcecode.swift; path = OnboardingView.swift; sourceTree = "<group>"; };
		0AECC1FC9EDAB7C9BCD68E44 /* DictionaryManager.swift */ = {isa = PBXFileReference; lastKnownFileType = sourcecode.swift; path = DictionaryManager.swift; sourceTree = "<group>"; };
		19D0DB873F7BEA23E75C2F1E /* TranscriptionHistory.swift */ = {isa = PBXFileReference; lastKnownFileType = sourcecode.swift; path = TranscriptionHistory.swift; sourceTree = "<group>"; };
		1A2B3C4D5E6F7A8B9C0D1E2F /* ParakeetEngine.swift */ = {isa = PBXFileReference; lastKnownFileType = sourcecode.swift; path = ParakeetEngine.swift; sourceTree = "<group>"; };
		1DFF09DEC0FA8C731AF85AAE /* ShortcutManager.swift */ = {isa = PBXFileReference; lastKnownFileType = sourcecode.swift; path = ShortcutManager.swift; sourceTree = "<group>"; };
		209876A84D2CA5D4F2D3A641 /* PushToTalkMode.swift */ = {isa = PBXFileReference; lastKnownFileType = sourcecode.swift; path = PushToTalkMode.swift; sourceTree = "<group>"; };
		25871F13F85E7402CCEE5173 /* HotkeyManager.swift */ = {isa = PBXFileReference; lastKnownFileType = sourcecode.swift; path = HotkeyManager.swift; sourceTree = "<group>"; };
		2DE57DDBF362E947D2BE8C82 /* Logger.swift */ = {isa = PBXFileReference; lastKnownFileType = sourcecode.swift; path = Logger.swift; sourceTree = "<group>"; };
		3D5738B6DCBF246FDD10B1A8 /* FloatingIndicator.swift */ = {isa = PBXFileReference; lastKnownFileType = sourcecode.swift; path = FloatingIndicator.swift; sourceTree = "<group>"; };
		4D27B961265B9D4798FDDC89 /* SettingsView.swift */ = {isa = PBXFileReference; lastKnownFileType = sourcecode.swift; path = SettingsView.swift; sourceTree = "<group>"; };
		5908D921F68AB538C5B92896 /* ModelManager.swift */ = {isa = PBXFileReference; lastKnownFileType = sourcecode.swift; path = ModelManager.swift; sourceTree = "<group>"; };
		752B1E26D16B132B33242D9D /* TextCleanupEngine.swift */ = {isa = PBXFileReference; lastKnownFileType = sourcecode.swift; path = TextCleanupEngine.swift; sourceTree = "<group>"; };
		7B81DE9FD96DC94636D6C28A /* MenuBarView.swift */ = {isa = PBXFileReference; lastKnownFileType = sourcecode.swift; path = MenuBarView.swift; sourceTree = "<group>"; };
		81C64D3989FB1328C7EA68BC /* TraceInspectorView.swift */ = {isa = PBXFileReference; lastKnownFileType = sourcecode.swift; name = TraceInspectorView.swift; path = Voxa/UI/TraceInspectorView.swift; sourceTree = SOURCE_ROOT; };
		84544E9583887B72EA52DC39 /* CommandMode.swift */ = {isa = PBXFileReference; lastKnownFileType = sourcecode.swift; path = CommandMode.swift; sourceTree = "<group>"; };
		887326365594FC66AB8017C9 /* Assets.xcassets */ = {isa = PBXFileReference; lastKnownFileType = folder.assetcatalog; path = Assets.xcassets; sourceTree = "<group>"; };
		88BA31645D44625C8F1A704A /* Constants.swift */ = {isa = PBXFileReference; lastKnownFileType = sourcecode.swift; path = Constants.swift; sourceTree = "<group>"; };
		98915D73ECF0366662F8567A /* FlowMode.swift */ = {isa = PBXFileReference; lastKnownFileType = sourcecode.swift; path = FlowMode.swift; sourceTree = "<group>"; };
		9E8F971582777A3E0EADED22 /* VoxaApp.swift */ = {isa = PBXFileReference; lastKnownFileType = sourcecode.swift; path = VoxaApp.swift; sourceTree = "<group>"; };
		A6B812B93F88479C67D3BCB0 /* DictationMode.swift */ = {isa = PBXFileReference; lastKnownFileType = sourcecode.swift; path = DictationMode.swift; sourceTree = "<group>"; };
		AEC105248C8759342B689409 /* PermissionManager.swift */ = {isa = PBXFileReference; lastKnownFileType = sourcecode.swift; path = PermissionManager.swift; sourceTree = "<group>"; };
		B28A7372282125867EC6D720 /* Info.plist */ = {isa = PBXFileReference; lastKnownFileType = text.plist; path = Info.plist; sourceTree = "<group>"; };
		B99402AD2F3FBC19978C0D27 /* Voxa.entitlements */ = {isa = PBXFileReference; lastKnownFileType = text.plist.entitlements; path = Voxa.entitlements; sourceTree = "<group>"; };
		'BB01020304050607' = {isa = PBXFileReference; lastKnownFileType = sourcecode.swift; path = ChatTypes.swift; sourceTree = "<group>"; };
		'BB02030405060708' = {isa = PBXFileReference; lastKnownFileType = sourcecode.swift; path = LLMProvider.swift; sourceTree = "<group>"; };
		'BB03040506070809' = {isa = PBXFileReference; lastKnownFileType = sourcecode.swift; path = KeychainHelper.swift; sourceTree = "<group>"; };
		'BB04050607080910' = {isa = PBXFileReference; lastKnownFileType = sourcecode.swift; path = OllamaProvider.swift; sourceTree = "<group>"; };
		'BB05060708091011' = {isa = PBXFileReference; lastKnownFileType = sourcecode.swift; path = OpenAIProvider.swift; sourceTree = "<group>"; };
		'BB06070809101112' = {isa = PBXFileReference; lastKnownFileType = sourcecode.swift; path = GeminiProvider.swift; sourceTree = "<group>"; };
		'BB07080910111213' = {isa = PBXFileReference; lastKnownFileType = sourcecode.swift; path = LLMProviderManager.swift; sourceTree = "<group>"; };
		'BB08091011121314' = {isa = PBXFileReference; lastKnownFileType = sourcecode.swift; path = AgentCoordinator.swift; sourceTree = "<group>"; };
		'BB09101112131415' = {isa = PBXFileReference; lastKnownFileType = sourcecode.swift; path = AgentTool.swift; sourceTree = "<group>"; };
		'BB10111213141516' = {isa = PBXFileReference; lastKnownFileType = sourcecode.swift; path = ToolSettings.swift; sourceTree = "<group>"; };
		'BB11121314151617' = {isa = PBXFileReference; lastKnownFileType = sourcecode.swift; path = ToolRegistry.swift; sourceTree = "<group>"; };
		'BB12131415161718' = {isa = PBXFileReference; lastKnownFileType = sourcecode.swift; path = AppLauncherTool.swift; sourceTree = "<group>"; };
		'BB13141516171819' = {isa = PBXFileReference; lastKnownFileType = sourcecode.swift; path = ClipboardTool.swift; sourceTree = "<group>"; };
		'BB14151617181920' = {isa = PBXFileReference; lastKnownFileType = sourcecode.swift; path = ScreenCaptureTool.swift; sourceTree = "<group>"; };
		'BB15161718192021' = {isa = PBXFileReference; lastKnownFileType = sourcecode.swift; path = UIAutomationTool.swift; sourceTree = "<group>"; };
		'BB16171819202122' = {isa = PBXFileReference; lastKnownFileType = sourcecode.swift; path = FileSearchTool.swift; sourceTree = "<group>"; };
		'BB17181920212223' = {isa = PBXFileReference; lastKnownFileType = sourcecode.swift; path = SystemSettingsTool.swift; sourceTree = "<group>"; };
		'BB18192021222324' = {isa = PBXFileReference; lastKnownFileType = sourcecode.swift; path = ShellCommandTool.swift; sourceTree = "<group>"; };
		'BB18192021222325' = {isa = PBXFileReference; lastKnownFileType = sourcecode.swift; path = AppleScriptTool.swift; sourceTree = "<group>"; };
		'BB18192021222326' = {isa = PBXFileReference; lastKnownFileType = sourcecode.swift; path = FileWriteTool.swift; sourceTree = "<group>"; };
		'BB18192021222327' = {isa = PBXFileReference; lastKnownFileType = sourcecode.swift; path = FileReadTool.swift; sourceTree = "<group>"; };
		'BB18192021222328' = {isa = PBXFileReference; lastKnownFileType = sourcecode.swift; path = ListDirectoryTool.swift; sourceTree = "<group>"; };
		'BB19202122232425' = {isa = PBXFileReference; lastKnownFileType = sourcecode.swift; path = AgentResponse.swift; sourceTree = "<group>"; };
		'BB20212223242526' = {isa = PBXFileReference; lastKnownFileType = sourcecode.swift; path = IntentClassifier.swift; sourceTree = "<group>"; };
		'BB21222324252627' = {isa = PBXFileReference; lastKnownFileType = sourcecode.swift; path = ChatSession.swift; sourceTree = "<group>"; };
		'BB22232425262728' = {isa = PBXFileReference; lastKnownFileType = sourcecode.swift; path = AgentExecutor.swift; sourceTree = "<group>"; };
		'BB23242526272829' = {isa = PBXFileReference; lastKnownFileType = sourcecode.swift; path = AgentPanel.swift; sourceTree = "<group>"; };
		'BB24252627282930' = {isa = PBXFileReference; lastKnownFileType = sourcecode.swift; path = AgentPanelContent.swift; sourceTree = "<group>"; };
		C19EC1FC8BBC2C5090B92A07 /* Voxa.app */ = {isa = PBXFileReference; explicitFileType = wrapper.application; includeInIndex = 0; path = Voxa.app; sourceTree = BUILT_PRODUCTS_DIR; };
		CB859B3D0A611EC208E91D51 /* ModelDownloadView.swift */ = {isa = PBXFileReference; lastKnownFileType = sourcecode.swift; path = ModelDownloadView.swift; sourceTree = "<group>"; };
		'CC01010101010101' = {isa = PBXFileReference; lastKnownFileType = sourcecode.swift; path = MCPServerConfig.swift; sourceTree = "<group>"; };
		'CC02020202020202' = {isa = PBXFileReference; lastKnownFileType = sourcecode.swift; path = MCPTypes.swift; sourceTree = "<group>"; };
		'CC03030303030303' = {isa = PBXFileReference; lastKnownFileType = sourcecode.swift; path = MCPConnection.swift; sourceTree = "<group>"; };
		'CC04040404040404' = {isa = PBXFileReference; lastKnownFileType = sourcecode.swift; path = MCPToolAdapter.swift; sourceTree = "<group>"; };
		'CC05050505050505' = {isa = PBXFileReference; lastKnownFileType = sourcecode.swift; path = MCPManager.swift; sourceTree = "<group>"; };
		'CC05050505050506' = {isa = PBXFileReference; lastKnownFileType = sourcecode.swift; path = MCPInstaller.swift; sourceTree = "<group>"; };
		'CC06060606060606' = {isa = PBXFileReference; lastKnownFileType = sourcecode.swift; path = MCPSettingsView.swift; sourceTree = "<group>"; };
		'CC10101010101010' = {isa = PBXFileReference; lastKnownFileType = sourcecode.swift; path = AgentChatPage.swift; sourceTree = "<group>"; };
		'CC11111111111111' = {isa = PBXFileReference; lastKnownFileType = sourcecode.swift; path = ConversationStore.swift; sourceTree = "<group>"; };
		CE394A06B81B407ADC503688 /* MessageTrace.swift */ = {isa = PBXFileReference; lastKnownFileType = sourcecode.swift; name = MessageTrace.swift; path = Voxa/Agent/MessageTrace.swift; sourceTree = SOURCE_ROOT; };
		D5BD0E36627EEB45E979811A /* TextInjector.swift */ = {isa = PBXFileReference; lastKnownFileType = sourcecode.swift; path = TextInjector.swift; sourceTree = "<group>"; };
		'EE01010101010101' = {isa = PBXFileReference; lastKnownFileType = sourcecode.swift; path = SubAgentDefinition.swift; sourceTree = "<group>"; };
		'EE02020202020202' = {isa = PBXFileReference; lastKnownFileType = sourcecode.swift; path = SubAgentRunner.swift; sourceTree = "<group>"; };
		'EE03030303030303' = {isa = PBXFileReference; lastKnownFileType = sourcecode.swift; path = SubAgentManager.swift; sourceTree = "<group>"; };
		'EE04040404040404' = {isa = PBXFileReference; lastKnownFileType = sourcecode.swift; path = DelegateToAgentTool.swift; sourceTree = "<group>"; };
		'EE05050505050505' = {isa = PBXFileReference; lastKnownFileType = sourcecode.swift; path = SubAgentSettingsView.swift; sourceTree = "<group>"; };
		F2516F4448C3044FEE581258 /* OllamaClient.swift */ = {isa = PBXFileReference; lastKnownFileType = sourcecode.swift; path = OllamaClient.swift; sourceTree = "<group>"; };
		F659874E215B9F71C3C03CE3 /* SoundManager.swift */ = {isa = PBXFileReference; lastKnownFileType = sourcecode.swift; path = SoundManager.swift; sourceTree = "<group>"; };
		F7433663EC6F3EEC236140B2 /* TranscriptionEngine.swift */ = {isa = PBXFileReference; lastKnownFileType = sourcecode.swift; path = TranscriptionEngine.swift; sourceTree = "<group>"; };
		FD1823E065D2F7C6D58A4B09 /* AudioEngine.swift */ = {isa = PBXFileReference; lastKnownFileType = sourcecode.swift; path = AudioEngine.swift; sourceTree = "<group>"; };
		'HH01010101010101' = {isa = PBXFileReference; lastKnownFileType = sourcecode.swift; path = CompanionState.swift; sourceTree = "<group>"; };
		'HH02020202020202' = {isa = PBXFileReference; lastKnownFileType = sourcecode.swift; path = CompanionWindow.swift; sourceTree = "<group>"; };
		'HH03030303030303' = {isa = PBXFileReference; lastKnownFileType = sourcecode.swift; path = CompanionView.swift; sourceTree = "<group>"; };
		'HH04040404040404' = {isa = PBXFileReference; lastKnownFileType = sourcecode.swift; path = CompanionAnimations.swift; sourceTree = "<group>"; };
		'MM02020202020202' = {isa = PBXFileReference; lastKnownFileType = sourcecode.swift; path = MarkdownView.swift; sourceTree = "<group>"; };
		'QQ01010101010101' = {isa = PBXFileReference; lastKnownFileType = sourcecode.swift; path = PersonaManager.swift; sourceTree = "<group>"; };
		'QQ02020202020202' = {isa = PBXFileReference; lastKnownFileType = sourcecode.swift; path = MemoryExtractor.swift; sourceTree = "<group>"; };
		'QQ03030303030303' = {isa = PBXFileReference; lastKnownFileType = sourcecode.swift; path = SemanticMemoryStore.swift; sourceTree = "<group>"; };
		'QQ04040404040404' = {isa = PBXFileReference; lastKnownFileType = sourcecode.swift; path = MemoryEntry.swift; sourceTree = "<group>"; };
		'QQ05050505050505' = {isa = PBXFileReference; lastKnownFileType = sourcecode.swift; path = DailyLogger.swift; sourceTree = "<group>"; };
		'VT02020202020202' = {isa = PBXFileReference; lastKnownFileType = sourcecode.swift; path = VoxaTheme.swift; sourceTree = "<group>"; };
/* End PBXFileReference section */

/* Begin PBXFrameworksBuildPhase section */
		05439EE1F74DD00A7F3918CF /* Frameworks */ = {
			isa = PBXFrameworksBuildPhase;
			buildActionMask = 2147483647;
			files = (
				C0FBFF9FB00D764D693257CD /* WhisperKit in Frameworks */,
				2B3C4D5E6F7A8B9C0D1E2F3A /* FluidAudio in Frameworks */,
				DD07070707070707,
			);
			runOnlyForDeploymentPostprocessing = 0;
		};
/* End PBXFrameworksBuildPhase section */

/* Begin PBXGroup section */
		077E3F347FF065DAFCEA80E5 /* Resources */ = {
			isa = PBXGroup;
			children = (
				887326365594FC66AB8017C9 /* Assets.xcassets */,
				409DF09246FEA011B84D1D3D /* Sounds */,
			);
			path = Resources;
			sourceTree = "<group>";
		};
		10C0BE5824F6344123A80459 /* Modes */ = {
			isa = PBXGroup;
			children = (
				84544E9583887B72EA52DC39 /* CommandMode.swift */,
				A6B812B93F88479C67D3BCB0 /* DictationMode.swift */,
				98915D73ECF0366662F8567A /* FlowMode.swift */,
				209876A84D2CA5D4F2D3A641 /* PushToTalkMode.swift */,
			);
			path = Modes;
			sourceTree = "<group>";
		};
		1D21D1D46F5ACBE89EA488D3 /* Products */ = {
			isa = PBXGroup;
			children = (
				C19EC1FC8BBC2C5090B92A07 /* Voxa.app */,
			);
			name = Products;
			sourceTree = "<group>";
		};
		409DF09246FEA011B84D1D3D /* Sounds */ = {
			isa = PBXGroup;
			children = (
			);
			path = Sounds;
			sourceTree = "<group>";
		};
		5958168996F3F34566450FA7 /* Utilities */ = {
			isa = PBXGroup;
			children = (
				88BA31645D44625C8F1A704A /* Constants.swift */,
				2DE57DDBF362E947D2BE8C82 /* Logger.swift */,
				F2516F4448C3044FEE581258 /* OllamaClient.swift */,
				AEC105248C8759342B689409 /* PermissionManager.swift */,
				F659874E215B9F71C3C03CE3 /* SoundManager.swift */,
			);
			path = Utilities;
			sourceTree = "<group>";
		};
		9249E884094B66284B6A2609 = {
			isa = PBXGroup;
			children = (
				B400D1AF80996024A55C9E00 /* Voxa */,
				1D21D1D46F5ACBE89EA488D3 /* Products */,
				CE394A06B81B407ADC503688 /* MessageTrace.swift */,
				81C64D3989FB1328C7EA68BC /* TraceInspectorView.swift */,
			);
			sourceTree = "<group>";
		};
		AF9C450FE148B7CC1BA230CD /* UI */ = {
			isa = PBXGroup;
			children = (
				CC10101010101010,
				BB23242526272829,
				BB24252627282930,
				GG10101010101010,
				3D5738B6DCBF246FDD10B1A8 /* FloatingIndicator.swift */,
				MM02020202020202,
				CC06060606060606,
				7B81DE9FD96DC94636D6C28A /* MenuBarView.swift */,
				CB859B3D0A611EC208E91D51 /* ModelDownloadView.swift */,
				08EC3F1EB29314EEF956810C /* OnboardingView.swift */,
				4D27B961265B9D4798FDDC89 /* SettingsView.swift */,
				EE05050505050505,
				VT02020202020202,
			);
			path = UI;
			sourceTree = "<group>";
		};
		B400D1AF80996024A55C9E00 /* Voxa */ = {
			isa = PBXGroup;
			children = (
				B28A7372282125867EC6D720 /* Info.plist */,
				B99402AD2F3FBC19978C0D27 /* Voxa.entitlements */,
				9E8F971582777A3E0EADED22 /* VoxaApp.swift */,
				CC10111213141516,
				CC60702827627960D72A5B6D /* Core */,
				FF98EB7D4EE2F77788AEA465 /* Models */,
				10C0BE5824F6344123A80459 /* Modes */,
				077E3F347FF065DAFCEA80E5 /* Resources */,
				AF9C450FE148B7CC1BA230CD /* UI */,
				5958168996F3F34566450FA7 /* Utilities */,
			);
			path = Voxa;
			sourceTree = "<group>";
		};
		'CC07070707070707' = {
			isa = PBXGroup;
			children = (
				CC03030303030303,
				CC05050505050506,
				CC05050505050505,
				CC01010101010101,
				CC04040404040404,
				CC02020202020202,
			);
			path = MCP;
			sourceTree = "<group>";
		};
		'CC10111213141516' = {
			isa = PBXGroup;
			children = (
				BB08091011121314,
				BB22232425262728,
				BB19202122232425,
				BB21222324252627,
				CC11111111111111,
				BB20212223242526,
				CC20212223242526,
				CC07070707070707,
				PP10101010101010,
				EE10101010101010,
				CC40414243444546,
				CC30313233343536,
			);
			path = Agent;
			sourceTree = "<group>";
		};
		'CC20212223242526' = {
			isa = PBXGroup;
			children = (
				BB01020304050607,
				BB06070809101112,
				BB07080910111213,
				BB02030405060708,
				BB04050607080910,
				BB05060708091011,
			);
			path = LLM;
			sourceTree = "<group>";
		};
		'CC30313233343536' = {
			isa = PBXGroup;
			children = (
				BB03040506070809,
			);
			path = Utilities;
			sourceTree = "<group>";
		};
		'CC40414243444546' = {
			isa = PBXGroup;
			children = (
				BB09101112131415,
				BB10111213141516,
				BB11121314151617,
				CC50515253545556,
			);
			path = Tools;
			sourceTree = "<group>";
		};
		'CC50515253545556' = {
			isa = PBXGroup;
			children = (
				BB18192021222325,
				BB12131415161718,
				BB13141516171819,
				BB18192021222327,
				BB16171819202122,
				BB18192021222326,
				BB18192021222328,
				BB14151617181920,
				BB18192021222324,
				BB17181920212223,
				BB15161718192021,
			);
			path = Builtin;
			sourceTree = "<group>";
		};
		CC60702827627960D72A5B6D /* Core */ = {
			isa = PBXGroup;
			children = (
				FD1823E065D2F7C6D58A4B09 /* AudioEngine.swift */,
				25871F13F85E7402CCEE5173 /* HotkeyManager.swift */,
				1A2B3C4D5E6F7A8B9C0D1E2F /* ParakeetEngine.swift */,
				752B1E26D16B132B33242D9D /* TextCleanupEngine.swift */,
				D5BD0E36627EEB45E979811A /* TextInjector.swift */,
				F7433663EC6F3EEC236140B2 /* TranscriptionEngine.swift */,
			);
			path = Core;
			sourceTree = "<group>";
		};
		'EE10101010101010' = {
			isa = PBXGroup;
			children = (
				EE04040404040404,
				EE01010101010101,
				EE03030303030303,
				EE02020202020202,
			);
			path = SubAgents;
			sourceTree = "<group>";
		};
		FF98EB7D4EE2F77788AEA465 /* Models */ = {
			isa = PBXGroup;
			children = (
				0AECC1FC9EDAB7C9BCD68E44 /* DictionaryManager.swift */,
				5908D921F68AB538C5B92896 /* ModelManager.swift */,
				1DFF09DEC0FA8C731AF85AAE /* ShortcutManager.swift */,
				19D0DB873F7BEA23E75C2F1E /* TranscriptionHistory.swift */,
			);
			path = Models;
			sourceTree = "<group>";
		};
		'GG10101010101010' = {
			isa = PBXGroup;
			children = (
				HH04040404040404,
				HH01010101010101,
				HH03030303030303,
				HH02020202020202,
			);
			path = Companion;
			sourceTree = "<group>";
		};
		'PP10101010101010' = {
			isa = PBXGroup;
			children = (
				QQ05050505050505,
				QQ04040404040404,
				QQ02020202020202,
				QQ01010101010101,
				QQ03030303030303,
			);
			path = Persona;
			sourceTree = "<group>";
		};
/* End PBXGroup section */

/* Begin PBXNativeTarget section */
		B62AF9BEC07F62865F6884DF /* Voxa */ = {
			isa = PBXNativeTarget;
			buildConfigurationList = 421E37603AAF990BD2F23C6E /* Build configuration list for PBXNativeTarget "Voxa" */;
			buildPhases = (
				D0F4E56FAB7461C1DD85A0BE /* Sources */,
				1C65F4ED2DF173BBE6FC13F5 /* Resources */,
				05439EE1F74DD00A7F3918CF /* Frameworks */,
			);
			buildRules = (
			);
			dependencies = (
			);
			name = Voxa;
			packageProductDependencies = (
				3427E9DA792E8FE869A23A1B /* WhisperKit */,
				4D5E6F7A8B9C0D1E2F3A4B5C /* FluidAudio */,
				CC09090909090909,
			);
			productName = Voxa;
			productReference = C19EC1FC8BBC2C5090B92A07 /* Voxa.app */;
			productType = "com.apple.product-type.application";
		};
/* End PBXNativeTarget section */

/* Begin PBXProject section */
		651310AD574A8568847D3933 /* Project object */ = {
			isa = PBXProject;
			attributes = {
				BuildIndependentTargetsInParallel = YES;
				LastUpgradeCheck = 1600;
				TargetAttributes = {
				};
			};
			buildConfigurationList = 4757A76DB3684EC9611C59EF /* Build configuration list for PBXProject "Voxa" */;
			developmentRegion = en;
			hasScannedForEncodings = 0;
			knownRegions = (
				Base,
				en,
			);
			mainGroup = 9249E884094B66284B6A2609;
			minimizedProjectReferenceProxies = 1;
			packageReferences = (
				A733BB27433287A629A7FA49 /* XCRemoteSwiftPackageReference "WhisperKit" */,
				5E6F7A8B9C0D1E2F3A4B5C6D /* XCRemoteSwiftPackageReference "FluidAudio" */,
				CC08080808080808,
			);
			preferredProjectObjectVersion = 77;
			productRefGroup = 1D21D1D46F5ACBE89EA488D3 /* Products */;
			projectDirPath = "";
			projectRoot = "";
			targets = (
				B62AF9BEC07F62865F6884DF /* Voxa */,
			);
		};
/* End PBXProject section */

/* Begin PBXResourcesBuildPhase section */
		1C65F4ED2DF173BBE6FC13F5 /* Resources */ = {
			isa = PBXResourcesBuildPhase;
			buildActionMask = 2147483647;
			files = (
				6DB6B8DD6D033E48896E75D7 /* Assets.xcassets in Resources */,
			);
			runOnlyForDeploymentPostprocessing = 0;
		};
/* End PBXResourcesBuildPhase section */

/* Begin PBXSourcesBuildPhase section */
		D0F4E56FAB7461C1DD85A0BE /* Sources */ = {
			isa = PBXSourcesBuildPhase;
			buildActionMask = 2147483647;
			files = (
				55BB81C54B4843103A174F8E /* AudioEngine.swift in Sources */,
				F339102B90E529A39082E59A /* CommandMode.swift in Sources */,
				50D4E09EF8F8CE73444A3A40 /* Constants.swift in Sources */,
				F74FFDCADA5DCB7C7FBDDF63 /* DictationMode.swift in Sources */,
				B088CFA23B3A8048F0BD13B9 /* DictionaryManager.swift in Sources */,
				DC8EDDDB34794C9E2483F61D /* FloatingIndicator.swift in Sources */,
				E00CF06F397576234F8FF3DB /* FlowMode.swift in Sources */,
				13F2ACA4B0FA426946CFBECF /* HotkeyManager.swift in Sources */,
				E49EE3F88FD38FD038D9CA06 /* Logger.swift in Sources */,
				8F9D6490741B9F92866BF08B /* MenuBarView.swift in Sources */,
				869F466ED4A327B0BDC6EAD7 /* ModelDownloadView.swift in Sources */,
				CF74DDAAE8C176BDAF9D3C3F /* ModelManager.swift in Sources */,
				260F46C58459F3CD6A34F8D5 /* OllamaClient.swift in Sources */,
				0A1B2C3D4E5F6A7B8C9D0E1F /* ParakeetEngine.swift in Sources */,
				DAB9103DDD718A42477C2F53 /* OnboardingView.swift in Sources */,
				793D87F35329CAB8DCB2F80F /* PermissionManager.swift in Sources */,
				37376D028A4541FB269A8116 /* PushToTalkMode.swift in Sources */,
				E14BB620375CC298AFEC00D8 /* SettingsView.swift in Sources */,
				7501ED708B9FA1E8B32BD79C /* ShortcutManager.swift in Sources */,
				9CD44CA01F236E79D165D525 /* SoundManager.swift in Sources */,
				0B6EF18E8CDD05CB05398430 /* TextCleanupEngine.swift in Sources */,
				27A4E65828956F6B846DEAB8 /* TextInjector.swift in Sources */,
				20276B62B8418E999BFF83C0 /* TranscriptionEngine.swift in Sources */,
				CD52015A37EE22353F01EE45 /* TranscriptionHistory.swift in Sources */,
				7E0313AE3DFD63B8A32DC5FF /* VoxaApp.swift in Sources */,
				AA01020304050607,
				AA02030405060708,
				AA03040506070809,
				AA04050607080910,
				AA05060708091011,
				AA06070809101112,
				AA07080910111213,
				AA08091011121314,
				AA09101112131415,
				AA10111213141516,
				AA11121314151617,
				AA12131415161718,
				AA13141516171819,
				AA14151617181920,
				AA15161718192021,
				AA16171819202122,
				AA17181920212223,
				AA18192021222324,
				AA18192021222325,
				AA18192021222326,
				AA18192021222327,
				AA18192021222328,
				AA19202122232425,
				AA20212223242526,
				AA21222324252627,
				AA22232425262728,
				AA23242526272829,
				AA24252627282930,
				DD01010101010101,
				DD02020202020202,
				DD03030303030303,
				DD04040404040404,
				DD05050505050505,
				DD05050505050506,
				DD06060606060606,
				DD08080808080808,
				MM01010101010101,
				VT01010101010101,
				DD09090909090909,
				FF01010101010101,
				FF02020202020202,
				FF03030303030303,
				FF04040404040404,
				FF05050505050505,
				GG01010101010101,
				GG02020202020202,
				GG03030303030303,
				GG04040404040404,
				PP01010101010101,
				PP02020202020202,
				PP03030303030303,
				PP04040404040404,
				PP05050505050505,
				F4AD4F39888934581BD80420 /* MessageTrace.swift in Sources */,
				197046FE96DAA0EC73777141 /* TraceInspectorView.swift in Sources */,
			);
			runOnlyForDeploymentPostprocessing = 0;
		};
/* End PBXSourcesBuildPhase section */

/* Begin XCBuildConfiguration section */
		0C6596031AC1056098B5062B /* Debug */ = {
			isa = XCBuildConfiguration;
			buildSettings = {
				ALWAYS_SEARCH_USER_PATHS = NO;
				ARCHS = arm64;
				CLANG_ANALYZER_NONNULL = YES;
				CLANG_ANALYZER_NUMBER_OBJECT_CONVERSION = YES_AGGRESSIVE;
				CLANG_CXX_LANGUAGE_STANDARD = "gnu++14";
				CLANG_CXX_LIBRARY = "libc++";
				CLANG_ENABLE_MODULES = YES;
				CLANG_ENABLE_OBJC_ARC = YES;
				CLANG_ENABLE_OBJC_WEAK = YES;
				CLANG_WARN_BLOCK_CAPTURE_AUTORELEASING = YES;
				CLANG_WARN_BOOL_CONVERSION = YES;
				CLANG_WARN_COMMA = YES;
				CLANG_WARN_CONSTANT_CONVERSION = YES;
				CLANG_WARN_DEPRECATED_OBJC_IMPLEMENTATIONS = YES;
				CLANG_WARN_DIRECT_OBJC_ISA_USAGE = YES_ERROR;
				CLANG_WARN_DOCUMENTATION_COMMENTS = YES;
				CLANG_WARN_EMPTY_BODY = YES;
				CLANG_WARN_ENUM_CONVERSION = YES;
				CLANG_WARN_INFINITE_RECURSION = YES;
				CLANG_WARN_INT_CONVERSION = YES;
				CLANG_WARN_NON_LITERAL_NULL_CONVERSION = YES;
				CLANG_WARN_OBJC_IMPLICIT_RETAIN_SELF = YES;
				CLANG_WARN_OBJC_LITERAL_CONVERSION = YES;
				CLANG_WARN_OBJC_ROOT_CLASS = YES_ERROR;
				CLANG_WARN_QUOTED_INCLUDE_IN_FRAMEWORK_HEADER = YES;
				CLANG_WARN_RANGE_LOOP_ANALYSIS = YES;
				CLANG_WARN_STRICT_PROTOTYPES = YES;
				CLANG_WARN_SUSPICIOUS_MOVE = YES;
				CLANG_WARN_UNGUARDED_AVAILABILITY = YES_AGGRESSIVE;
				CLANG_WARN_UNREACHABLE_CODE = YES;
				CLANG_WARN__DUPLICATE_METHOD_MATCH = YES;
				COPY_PHASE_STRIP = NO;
				DEBUG_INFORMATION_FORMAT = dwarf;
				ENABLE_STRICT_OBJC_MSGSEND = YES;
				ENABLE_TESTABILITY = YES;
				GCC_C_LANGUAGE_STANDARD = gnu11;
				GCC_DYNAMIC_NO_PIC = NO;
				GCC_NO_COMMON_BLOCKS = YES;
				GCC_OPTIMIZATION_LEVEL = 0;
				GCC_PREPROCESSOR_DEFINITIONS = (
					"$(inherited)",
					"DEBUG=1",
				);
				GCC_WARN_64_TO_32_BIT_CONVERSION = YES;
				GCC_WARN_ABOUT_RETURN_TYPE = YES_ERROR;
				GCC_WARN_UNDECLARED_SELECTOR = YES;
				GCC_WARN_UNINITIALIZED_AUTOS = YES_AGGRESSIVE;
				GCC_WARN_UNUSED_FUNCTION = YES;
				GCC_WARN_UNUSED_VARIABLE = YES;
				MACOSX_DEPLOYMENT_TARGET = 14.0;
				MTL_ENABLE_DEBUG_INFO = INCLUDE_SOURCE;
				MTL_FAST_MATH = YES;
				ONLY_ACTIVE_ARCH = YES;
				PRODUCT_NAME = Voxa;
				SDKROOT = macosx;
				SWIFT_ACTIVE_COMPILATION_CONDITIONS = DEBUG;
				SWIFT_OPTIMIZATION_LEVEL = "-Onone";
				SWIFT_VERSION = 5.0;
				VALID_ARCHS = arm64;
			};
			name = Debug;
		};
		39716133858053DFE5A08882 /* Debug */ = {
			isa = XCBuildConfiguration;
			buildSettings = {
				ARCHS = arm64;
				ASSETCATALOG_COMPILER_APPICON_NAME = AppIcon;
				CODE_SIGN_ENTITLEMENTS = Voxa/Voxa.entitlements;
				COMBINE_HIDPI_IMAGES = YES;
				INFOPLIST_FILE = Voxa/Info.plist;
				LD_RUNPATH_SEARCH_PATHS = (
					"$(inherited)",
					"@executable_path/../Frameworks",
				);
				MACOSX_DEPLOYMENT_TARGET = 14.0;
				PRODUCT_BUNDLE_IDENTIFIER = com.voxa.app;
				SDKROOT = macosx;
				SWIFT_VERSION = 5.9;
				VALID_ARCHS = arm64;
			};
			name = Debug;
		};
		8694459D4CD17EF12CAF9BB4 /* Release */ = {
			isa = XCBuildConfiguration;
			buildSettings = {
				ALWAYS_SEARCH_USER_PATHS = NO;
				ARCHS = arm64;
				CLANG_ANALYZER_NONNULL = YES;
				CLANG_ANALYZER_NUMBER_OBJECT_CONVERSION = YES_AGGRESSIVE;
				CLANG_CXX_LANGUAGE_STANDARD = "gnu++14";
				CLANG_CXX_LIBRARY = "libc++";
				CLANG_ENABLE_MODULES = YES;
				CLANG_ENABLE_OBJC_ARC = YES;
				CLANG_ENABLE_OBJC_WEAK = YES;
				CLANG_WARN_BLOCK_CAPTURE_AUTORELEASING = YES;
				CLANG_WARN_BOOL_CONVERSION = YES;
				CLANG_WARN_COMMA = YES;
				CLANG_WARN_CONSTANT_CONVERSION = YES;
				CLANG_WARN_DEPRECATED_OBJC_IMPLEMENTATIONS = YES;
				CLANG_WARN_DIRECT_OBJC_ISA_USAGE = YES_ERROR;
				CLANG_WARN_DOCUMENTATION_COMMENTS = YES;
				CLANG_WARN_EMPTY_BODY = YES;
				CLANG_WARN_ENUM_CONVERSION = YES;
				CLANG_WARN_INFINITE_RECURSION = YES;
				CLANG_WARN_INT_CONVERSION = YES;
				CLANG_WARN_NON_LITERAL_NULL_CONVERSION = YES;
				CLANG_WARN_OBJC_IMPLICIT_RETAIN_SELF = YES;
				CLANG_WARN_OBJC_LITERAL_CONVERSION = YES;
				CLANG_WARN_OBJC_ROOT_CLASS = YES_ERROR;
				CLANG_WARN_QUOTED_INCLUDE_IN_FRAMEWORK_HEADER = YES;
				CLANG_WARN_RANGE_LOOP_ANALYSIS = YES;
				CLANG_WARN_STRICT_PROTOTYPES = YES;
				CLANG_WARN_SUSPICIOUS_MOVE = YES;
				CLANG_WARN_UNGUARDED_AVAILABILITY = YES_AGGRESSIVE;
				CLANG_WARN_UNREACHABLE_CODE = YES;
				CLANG_WARN__DUPLICATE_METHOD_MATCH = YES;
				COPY_PHASE_STRIP = NO;
				DEBUG_INFORMATION_FORMAT = "dwarf-with-dsym";
				ENABLE_NS_ASSERTIONS = NO;
				ENABLE_STRICT_OBJC_MSGSEND = YES;
				GCC_C_LANGUAGE_STANDARD = gnu11;
				GCC_NO_COMMON_BLOCKS = YES;
				GCC_WARN_64_TO_32_BIT_CONVERSION = YES;
				GCC_WARN_ABOUT_RETURN_TYPE = YES_ERROR;
				GCC_WARN_UNDECLARED_SELECTOR = YES;
				GCC_WARN_UNINITIALIZED_AUTOS = YES_AGGRESSIVE;
				GCC_WARN_UNUSED_FUNCTION = YES;
				GCC_WARN_UNUSED_VARIABLE = YES;
				MACOSX_DEPLOYMENT_TARGET = 14.0;
				MTL_ENABLE_DEBUG_INFO = NO;
				MTL_FAST_MATH = YES;
				PRODUCT_NAME = Voxa;
				SDKROOT = macosx;
				SWIFT_COMPILATION_MODE = wholemodule;
				SWIFT_OPTIMIZATION_LEVEL = "-O";
				SWIFT_VERSION = 5.0;
				VALID_ARCHS = arm64;
			};
			name = Release;
		};
		A5ADB25AF5F15BFBF8D5AEA7 /* Release */ = {
			isa = XCBuildConfiguration;
			buildSettings = {
				ARCHS = arm64;
				ASSETCATALOG_COMPILER_APPICON_NAME = AppIcon;
				CODE_SIGN_ENTITLEMENTS = Voxa/Voxa.entitlements;
				COMBINE_HIDPI_IMAGES = YES;
				INFOPLIST_FILE = Voxa/Info.plist;
				LD_RUNPATH_SEARCH_PATHS = (
					"$(inherited)",
					"@executable_path/../Frameworks",
				);
				MACOSX_DEPLOYMENT_TARGET = 14.0;
				PRODUCT_BUNDLE_IDENTIFIER = com.voxa.app;
				SDKROOT = macosx;
				SWIFT_VERSION = 5.9;
				VALID_ARCHS = arm64;
			};
			name = Release;
		};
/* End XCBuildConfiguration section */

/* Begin XCConfigurationList section */
		421E37603AAF990BD2F23C6E /* Build configuration list for PBXNativeTarget "Voxa" */ = {
			isa = XCConfigurationList;
			buildConfigurations = (
				39716133858053DFE5A08882 /* Debug */,
				A5ADB25AF5F15BFBF8D5AEA7 /* Release */,
			);
			defaultConfigurationIsVisible = 0;
			defaultConfigurationName = Debug;
		};
		4757A76DB3684EC9611C59EF /* Build configuration list for PBXProject "Voxa" */ = {
			isa = XCConfigurationList;
			buildConfigurations = (
				0C6596031AC1056098B5062B /* Debug */,
				8694459D4CD17EF12CAF9BB4 /* Release */,
			);
			defaultConfigurationIsVisible = 0;
			defaultConfigurationName = Debug;
		};
/* End XCConfigurationList section */

/* Begin XCRemoteSwiftPackageReference section */
		5E6F7A8B9C0D1E2F3A4B5C6D /* XCRemoteSwiftPackageReference "FluidAudio" */ = {
			isa = XCRemoteSwiftPackageReference;
			repositoryURL = "https://github.com/FluidInference/FluidAudio";
			requirement = {
				kind = upToNextMajorVersion;
				minimumVersion = 0.12.4;
			};
		};
		A733BB27433287A629A7FA49 /* XCRemoteSwiftPackageReference "WhisperKit" */ = {
			isa = XCRemoteSwiftPackageReference;
			repositoryURL = "https://github.com/argmaxinc/WhisperKit";
			requirement = {
				kind = upToNextMajorVersion;
				minimumVersion = 0.9.0;
			};
		};
		'CC08080808080808' = {
			isa = XCRemoteSwiftPackageReference;
			repositoryURL = "https://github.com/modelcontextprotocol/swift-sdk";
			requirement = {
				kind = upToNextMajorVersion;
				minimumVersion = 0.11.0;
			};
		};
/* End XCRemoteSwiftPackageReference section */

/* Begin XCSwiftPackageProductDependency section */
		3427E9DA792E8FE869A23A1B /* WhisperKit */ = {
			isa = XCSwiftPackageProductDependency;
			package = A733BB27433287A629A7FA49 /* XCRemoteSwiftPackageReference "WhisperKit" */;
			productName = WhisperKit;
		};
		4D5E6F7A8B9C0D1E2F3A4B5C /* FluidAudio */ = {
			isa = XCSwiftPackageProductDependency;
			package = 5E6F7A8B9C0D1E2F3A4B5C6D /* XCRemoteSwiftPackageReference "FluidAudio" */;
			productName = FluidAudio;
		};
		'CC09090909090909' = {
			isa = XCSwiftPackageProductDependency;
			package = CC08080808080808;
			productName = MCP;
		};
/* End XCSwiftPackageProductDependency section */
	};
	rootObject = 651310AD574A8568847D3933 /* Project object */;
}
